
Microsoft Visual Studio Solution File, Format Version 12.00
# Visual Studio Version 16
VisualStudioVersion = 16.0.30413.136
MinimumVisualStudioVersion = 10.0.40219.1
Project("{9A19103F-16F7-4668-BE54-9A1E7A4F7556}") = "MetaWear", "MetaWear\MetaWear.csproj", "{1E16EC87-D000-490F-BAFF-9BC0975406E7}"
EndProject
Project("{9A19103F-16F7-4668-BE54-9A1E7A4F7556}") = "MetaWear.Test", "MetaWear.Test\MetaWear.Test.csproj", "{027A7209-596D-4160-B71C-7731ECA22B3E}"
EndProject
Project("{FAE04EC0-301F-11D3-BF4B-00C04F79EFBC}") = "TestNet", "TestNet\TestNet.csproj", "{07CD15ED-8C51-40ED-A970-52FE30C71DA7}"
EndProject
Project("{9A19103F-16F7-4668-BE54-9A1E7A4F7556}") = "MetaWear.NetStandard", "MetaWear.NetStandard\MetaWear.NetStandard.csproj", "{46F89F4D-6682-4F17-802D-6CB5CAA63068}"
EndProject
Project("{9A19103F-16F7-4668-BE54-9A1E7A4F7556}") = "Warble.NetStandard", "Warble.NetStandard\Warble.NetStandard.csproj", "{7D8E5006-7A35-490C-B7AF-EE5646A72B52}"
EndProject
Project("{8BC9CEB8-8B4A-11D0-8D11-00A0C91BC942}") = "TestWarable", "TestWarable\TestWarable.vcxproj", "{994C1535-4EF6-4174-9105-D2ADDE8B6695}"
EndProject
Project("{8BC9CEB8-8B4A-11D0-8D11-00A0C91BC942}") = "warble", "Warble\vs2017\warble.vcxproj", "{DA949DC1-1ED3-45CA-8DCA-128281E5C63B}"
EndProject
Project("{FAE04EC0-301F-11D3-BF4B-00C04F79EFBC}") = "BLEMetawear", "BLEMetawear\BLEMetawear.csproj", "{EA87B4C7-64AF-467F-B6EA-EC99AE082C98}"
EndProject
Project("{FAE04EC0-301F-11D3-BF4B-00C04F79EFBC}") = "TestBTUWP", "TestBTUWP\TestBTUWP.csproj", "{DCD54CB7-9952-46E4-A225-DD7D5488378D}"
EndProject
Project("{FAE04EC0-301F-11D3-BF4B-00C04F79EFBC}") = "TestUWPConsole", "TestUWPConsole\TestUWPConsole.csproj", "{75B8FFF8-C6F0-47D5-8691-4A5466DD6597}"
EndProject
Global
	GlobalSection(SolutionConfigurationPlatforms) = preSolution
		Debug|Any CPU = Debug|Any CPU
		Debug|ARM = Debug|ARM
		Debug|ARM64 = Debug|ARM64
		Debug|x64 = Debug|x64
		Debug|x86 = Debug|x86
		Release|Any CPU = Release|Any CPU
		Release|ARM = Release|ARM
		Release|ARM64 = Release|ARM64
		Release|x64 = Release|x64
		Release|x86 = Release|x86
	EndGlobalSection
	GlobalSection(ProjectConfigurationPlatforms) = postSolution
		{1E16EC87-D000-490F-BAFF-9BC0975406E7}.Debug|Any CPU.ActiveCfg = Debug|Any CPU
		{1E16EC87-D000-490F-BAFF-9BC0975406E7}.Debug|Any CPU.Build.0 = Debug|Any CPU
		{1E16EC87-D000-490F-BAFF-9BC0975406E7}.Debug|ARM.ActiveCfg = Debug|Any CPU
		{1E16EC87-D000-490F-BAFF-9BC0975406E7}.Debug|ARM.Build.0 = Debug|Any CPU
		{1E16EC87-D000-490F-BAFF-9BC0975406E7}.Debug|ARM64.ActiveCfg = Debug|Any CPU
		{1E16EC87-D000-490F-BAFF-9BC0975406E7}.Debug|ARM64.Build.0 = Debug|Any CPU
		{1E16EC87-D000-490F-BAFF-9BC0975406E7}.Debug|x64.ActiveCfg = Debug|x64
		{1E16EC87-D000-490F-BAFF-9BC0975406E7}.Debug|x64.Build.0 = Debug|x64
		{1E16EC87-D000-490F-BAFF-9BC0975406E7}.Debug|x86.ActiveCfg = Debug|Any CPU
		{1E16EC87-D000-490F-BAFF-9BC0975406E7}.Debug|x86.Build.0 = Debug|Any CPU
		{1E16EC87-D000-490F-BAFF-9BC0975406E7}.Release|Any CPU.ActiveCfg = Release|Any CPU
		{1E16EC87-D000-490F-BAFF-9BC0975406E7}.Release|Any CPU.Build.0 = Release|Any CPU
		{1E16EC87-D000-490F-BAFF-9BC0975406E7}.Release|ARM.ActiveCfg = Release|Any CPU
		{1E16EC87-D000-490F-BAFF-9BC0975406E7}.Release|ARM.Build.0 = Release|Any CPU
		{1E16EC87-D000-490F-BAFF-9BC0975406E7}.Release|ARM64.ActiveCfg = Release|Any CPU
		{1E16EC87-D000-490F-BAFF-9BC0975406E7}.Release|ARM64.Build.0 = Release|Any CPU
		{1E16EC87-D000-490F-BAFF-9BC0975406E7}.Release|x64.ActiveCfg = Release|x64
		{1E16EC87-D000-490F-BAFF-9BC0975406E7}.Release|x64.Build.0 = Release|x64
		{1E16EC87-D000-490F-BAFF-9BC0975406E7}.Release|x86.ActiveCfg = Release|Any CPU
		{1E16EC87-D000-490F-BAFF-9BC0975406E7}.Release|x86.Build.0 = Release|Any CPU
		{027A7209-596D-4160-B71C-7731ECA22B3E}.Debug|Any CPU.ActiveCfg = Debug|Any CPU
		{027A7209-596D-4160-B71C-7731ECA22B3E}.Debug|Any CPU.Build.0 = Debug|Any CPU
		{027A7209-596D-4160-B71C-7731ECA22B3E}.Debug|ARM.ActiveCfg = Debug|Any CPU
		{027A7209-596D-4160-B71C-7731ECA22B3E}.Debug|ARM.Build.0 = Debug|Any CPU
		{027A7209-596D-4160-B71C-7731ECA22B3E}.Debug|ARM64.ActiveCfg = Debug|Any CPU
		{027A7209-596D-4160-B71C-7731ECA22B3E}.Debug|ARM64.Build.0 = Debug|Any CPU
		{027A7209-596D-4160-B71C-7731ECA22B3E}.Debug|x64.ActiveCfg = Debug|Any CPU
		{027A7209-596D-4160-B71C-7731ECA22B3E}.Debug|x64.Build.0 = Debug|Any CPU
		{027A7209-596D-4160-B71C-7731ECA22B3E}.Debug|x86.ActiveCfg = Debug|Any CPU
		{027A7209-596D-4160-B71C-7731ECA22B3E}.Debug|x86.Build.0 = Debug|Any CPU
		{027A7209-596D-4160-B71C-7731ECA22B3E}.Release|Any CPU.ActiveCfg = Release|Any CPU
		{027A7209-596D-4160-B71C-7731ECA22B3E}.Release|Any CPU.Build.0 = Release|Any CPU
		{027A7209-596D-4160-B71C-7731ECA22B3E}.Release|ARM.ActiveCfg = Release|Any CPU
		{027A7209-596D-4160-B71C-7731ECA22B3E}.Release|ARM.Build.0 = Release|Any CPU
		{027A7209-596D-4160-B71C-7731ECA22B3E}.Release|ARM64.ActiveCfg = Release|Any CPU
		{027A7209-596D-4160-B71C-7731ECA22B3E}.Release|ARM64.Build.0 = Release|Any CPU
		{027A7209-596D-4160-B71C-7731ECA22B3E}.Release|x64.ActiveCfg = Release|x64
		{027A7209-596D-4160-B71C-7731ECA22B3E}.Release|x64.Build.0 = Release|x64
		{027A7209-596D-4160-B71C-7731ECA22B3E}.Release|x86.ActiveCfg = Release|Any CPU
		{027A7209-596D-4160-B71C-7731ECA22B3E}.Release|x86.Build.0 = Release|Any CPU
		{07CD15ED-8C51-40ED-A970-52FE30C71DA7}.Debug|Any CPU.ActiveCfg = Debug|Any CPU
		{07CD15ED-8C51-40ED-A970-52FE30C71DA7}.Debug|Any CPU.Build.0 = Debug|Any CPU
		{07CD15ED-8C51-40ED-A970-52FE30C71DA7}.Debug|ARM.ActiveCfg = Debug|Any CPU
		{07CD15ED-8C51-40ED-A970-52FE30C71DA7}.Debug|ARM.Build.0 = Debug|Any CPU
		{07CD15ED-8C51-40ED-A970-52FE30C71DA7}.Debug|ARM64.ActiveCfg = Debug|Any CPU
		{07CD15ED-8C51-40ED-A970-52FE30C71DA7}.Debug|ARM64.Build.0 = Debug|Any CPU
		{07CD15ED-8C51-40ED-A970-52FE30C71DA7}.Debug|x64.ActiveCfg = Debug|Any CPU
		{07CD15ED-8C51-40ED-A970-52FE30C71DA7}.Debug|x64.Build.0 = Debug|Any CPU
		{07CD15ED-8C51-40ED-A970-52FE30C71DA7}.Debug|x86.ActiveCfg = Debug|Any CPU
		{07CD15ED-8C51-40ED-A970-52FE30C71DA7}.Debug|x86.Build.0 = Debug|Any CPU
		{07CD15ED-8C51-40ED-A970-52FE30C71DA7}.Release|Any CPU.ActiveCfg = Release|Any CPU
		{07CD15ED-8C51-40ED-A970-52FE30C71DA7}.Release|Any CPU.Build.0 = Release|Any CPU
		{07CD15ED-8C51-40ED-A970-52FE30C71DA7}.Release|ARM.ActiveCfg = Release|Any CPU
		{07CD15ED-8C51-40ED-A970-52FE30C71DA7}.Release|ARM.Build.0 = Release|Any CPU
		{07CD15ED-8C51-40ED-A970-52FE30C71DA7}.Release|ARM64.ActiveCfg = Release|Any CPU
		{07CD15ED-8C51-40ED-A970-52FE30C71DA7}.Release|ARM64.Build.0 = Release|Any CPU
		{07CD15ED-8C51-40ED-A970-52FE30C71DA7}.Release|x64.ActiveCfg = Release|x64
		{07CD15ED-8C51-40ED-A970-52FE30C71DA7}.Release|x64.Build.0 = Release|x64
		{07CD15ED-8C51-40ED-A970-52FE30C71DA7}.Release|x86.ActiveCfg = Release|Any CPU
		{07CD15ED-8C51-40ED-A970-52FE30C71DA7}.Release|x86.Build.0 = Release|Any CPU
		{46F89F4D-6682-4F17-802D-6CB5CAA63068}.Debug|Any CPU.ActiveCfg = Debug|Any CPU
		{46F89F4D-6682-4F17-802D-6CB5CAA63068}.Debug|Any CPU.Build.0 = Debug|Any CPU
		{46F89F4D-6682-4F17-802D-6CB5CAA63068}.Debug|ARM.ActiveCfg = Debug|Any CPU
		{46F89F4D-6682-4F17-802D-6CB5CAA63068}.Debug|ARM.Build.0 = Debug|Any CPU
		{46F89F4D-6682-4F17-802D-6CB5CAA63068}.Debug|ARM64.ActiveCfg = Debug|Any CPU
		{46F89F4D-6682-4F17-802D-6CB5CAA63068}.Debug|ARM64.Build.0 = Debug|Any CPU
		{46F89F4D-6682-4F17-802D-6CB5CAA63068}.Debug|x64.ActiveCfg = Debug|x64
		{46F89F4D-6682-4F17-802D-6CB5CAA63068}.Debug|x64.Build.0 = Debug|x64
		{46F89F4D-6682-4F17-802D-6CB5CAA63068}.Debug|x86.ActiveCfg = Debug|Any CPU
		{46F89F4D-6682-4F17-802D-6CB5CAA63068}.Debug|x86.Build.0 = Debug|Any CPU
		{46F89F4D-6682-4F17-802D-6CB5CAA63068}.Release|Any CPU.ActiveCfg = Release|Any CPU
		{46F89F4D-6682-4F17-802D-6CB5CAA63068}.Release|Any CPU.Build.0 = Release|Any CPU
		{46F89F4D-6682-4F17-802D-6CB5CAA63068}.Release|ARM.ActiveCfg = Release|Any CPU
		{46F89F4D-6682-4F17-802D-6CB5CAA63068}.Release|ARM.Build.0 = Release|Any CPU
		{46F89F4D-6682-4F17-802D-6CB5CAA63068}.Release|ARM64.ActiveCfg = Release|Any CPU
		{46F89F4D-6682-4F17-802D-6CB5CAA63068}.Release|ARM64.Build.0 = Release|Any CPU
		{46F89F4D-6682-4F17-802D-6CB5CAA63068}.Release|x64.ActiveCfg = Release|x64
		{46F89F4D-6682-4F17-802D-6CB5CAA63068}.Release|x64.Build.0 = Release|x64
		{46F89F4D-6682-4F17-802D-6CB5CAA63068}.Release|x86.ActiveCfg = Release|Any CPU
		{46F89F4D-6682-4F17-802D-6CB5CAA63068}.Release|x86.Build.0 = Release|Any CPU
		{7D8E5006-7A35-490C-B7AF-EE5646A72B52}.Debug|Any CPU.ActiveCfg = Debug|Any CPU
		{7D8E5006-7A35-490C-B7AF-EE5646A72B52}.Debug|Any CPU.Build.0 = Debug|Any CPU
		{7D8E5006-7A35-490C-B7AF-EE5646A72B52}.Debug|ARM.ActiveCfg = Debug|Any CPU
		{7D8E5006-7A35-490C-B7AF-EE5646A72B52}.Debug|ARM.Build.0 = Debug|Any CPU
		{7D8E5006-7A35-490C-B7AF-EE5646A72B52}.Debug|ARM64.ActiveCfg = Debug|Any CPU
		{7D8E5006-7A35-490C-B7AF-EE5646A72B52}.Debug|ARM64.Build.0 = Debug|Any CPU
		{7D8E5006-7A35-490C-B7AF-EE5646A72B52}.Debug|x64.ActiveCfg = Debug|x64
		{7D8E5006-7A35-490C-B7AF-EE5646A72B52}.Debug|x64.Build.0 = Debug|x64
		{7D8E5006-7A35-490C-B7AF-EE5646A72B52}.Debug|x86.ActiveCfg = Debug|Any CPU
		{7D8E5006-7A35-490C-B7AF-EE5646A72B52}.Debug|x86.Build.0 = Debug|Any CPU
		{7D8E5006-7A35-490C-B7AF-EE5646A72B52}.Release|Any CPU.ActiveCfg = Release|Any CPU
		{7D8E5006-7A35-490C-B7AF-EE5646A72B52}.Release|Any CPU.Build.0 = Release|Any CPU
		{7D8E5006-7A35-490C-B7AF-EE5646A72B52}.Release|ARM.ActiveCfg = Release|Any CPU
		{7D8E5006-7A35-490C-B7AF-EE5646A72B52}.Release|ARM.Build.0 = Release|Any CPU
		{7D8E5006-7A35-490C-B7AF-EE5646A72B52}.Release|ARM64.ActiveCfg = Release|Any CPU
		{7D8E5006-7A35-490C-B7AF-EE5646A72B52}.Release|ARM64.Build.0 = Release|Any CPU
		{7D8E5006-7A35-490C-B7AF-EE5646A72B52}.Release|x64.ActiveCfg = Release|x64
		{7D8E5006-7A35-490C-B7AF-EE5646A72B52}.Release|x64.Build.0 = Release|x64
		{7D8E5006-7A35-490C-B7AF-EE5646A72B52}.Release|x86.ActiveCfg = Release|Any CPU
		{7D8E5006-7A35-490C-B7AF-EE5646A72B52}.Release|x86.Build.0 = Release|Any CPU
		{994C1535-4EF6-4174-9105-D2ADDE8B6695}.Debug|Any CPU.ActiveCfg = Debug|Win32
		{994C1535-4EF6-4174-9105-D2ADDE8B6695}.Debug|ARM.ActiveCfg = Debug|Win32
		{994C1535-4EF6-4174-9105-D2ADDE8B6695}.Debug|ARM64.ActiveCfg = Debug|Win32
		{994C1535-4EF6-4174-9105-D2ADDE8B6695}.Debug|x64.ActiveCfg = Debug|x64
		{994C1535-4EF6-4174-9105-D2ADDE8B6695}.Debug|x64.Build.0 = Debug|x64
		{994C1535-4EF6-4174-9105-D2ADDE8B6695}.Debug|x86.ActiveCfg = Debug|Win32
		{994C1535-4EF6-4174-9105-D2ADDE8B6695}.Debug|x86.Build.0 = Debug|Win32
		{994C1535-4EF6-4174-9105-D2ADDE8B6695}.Release|Any CPU.ActiveCfg = Release|Win32
		{994C1535-4EF6-4174-9105-D2ADDE8B6695}.Release|ARM.ActiveCfg = Release|Win32
		{994C1535-4EF6-4174-9105-D2ADDE8B6695}.Release|ARM64.ActiveCfg = Release|Win32
		{994C1535-4EF6-4174-9105-D2ADDE8B6695}.Release|x64.ActiveCfg = Release|x64
		{994C1535-4EF6-4174-9105-D2ADDE8B6695}.Release|x64.Build.0 = Release|x64
		{994C1535-4EF6-4174-9105-D2ADDE8B6695}.Release|x86.ActiveCfg = Release|Win32
		{994C1535-4EF6-4174-9105-D2ADDE8B6695}.Release|x86.Build.0 = Release|Win32
		{DA949DC1-1ED3-45CA-8DCA-128281E5C63B}.Debug|Any CPU.ActiveCfg = Debug|Win32
		{DA949DC1-1ED3-45CA-8DCA-128281E5C63B}.Debug|ARM.ActiveCfg = Debug|Win32
		{DA949DC1-1ED3-45CA-8DCA-128281E5C63B}.Debug|ARM64.ActiveCfg = Debug|Win32
		{DA949DC1-1ED3-45CA-8DCA-128281E5C63B}.Debug|x64.ActiveCfg = Debug|x64
		{DA949DC1-1ED3-45CA-8DCA-128281E5C63B}.Debug|x64.Build.0 = Debug|x64
		{DA949DC1-1ED3-45CA-8DCA-128281E5C63B}.Debug|x86.ActiveCfg = Debug|Win32
		{DA949DC1-1ED3-45CA-8DCA-128281E5C63B}.Debug|x86.Build.0 = Debug|Win32
		{DA949DC1-1ED3-45CA-8DCA-128281E5C63B}.Release|Any CPU.ActiveCfg = Release|Win32
		{DA949DC1-1ED3-45CA-8DCA-128281E5C63B}.Release|ARM.ActiveCfg = Release|Win32
		{DA949DC1-1ED3-45CA-8DCA-128281E5C63B}.Release|ARM64.ActiveCfg = Release|Win32
		{DA949DC1-1ED3-45CA-8DCA-128281E5C63B}.Release|x64.ActiveCfg = Release|x64
		{DA949DC1-1ED3-45CA-8DCA-128281E5C63B}.Release|x64.Build.0 = Release|x64
		{DA949DC1-1ED3-45CA-8DCA-128281E5C63B}.Release|x86.ActiveCfg = Release|Win32
		{DA949DC1-1ED3-45CA-8DCA-128281E5C63B}.Release|x86.Build.0 = Release|Win32
		{EA87B4C7-64AF-467F-B6EA-EC99AE082C98}.Debug|Any CPU.ActiveCfg = Debug|Any CPU
		{EA87B4C7-64AF-467F-B6EA-EC99AE082C98}.Debug|Any CPU.Build.0 = Debug|Any CPU
		{EA87B4C7-64AF-467F-B6EA-EC99AE082C98}.Debug|ARM.ActiveCfg = Debug|Any CPU
		{EA87B4C7-64AF-467F-B6EA-EC99AE082C98}.Debug|ARM.Build.0 = Debug|Any CPU
		{EA87B4C7-64AF-467F-B6EA-EC99AE082C98}.Debug|ARM64.ActiveCfg = Debug|Any CPU
		{EA87B4C7-64AF-467F-B6EA-EC99AE082C98}.Debug|ARM64.Build.0 = Debug|Any CPU
		{EA87B4C7-64AF-467F-B6EA-EC99AE082C98}.Debug|x64.ActiveCfg = Debug|Any CPU
		{EA87B4C7-64AF-467F-B6EA-EC99AE082C98}.Debug|x64.Build.0 = Debug|Any CPU
		{EA87B4C7-64AF-467F-B6EA-EC99AE082C98}.Debug|x86.ActiveCfg = Debug|Any CPU
		{EA87B4C7-64AF-467F-B6EA-EC99AE082C98}.Debug|x86.Build.0 = Debug|Any CPU
		{EA87B4C7-64AF-467F-B6EA-EC99AE082C98}.Release|Any CPU.ActiveCfg = Release|Any CPU
		{EA87B4C7-64AF-467F-B6EA-EC99AE082C98}.Release|Any CPU.Build.0 = Release|Any CPU
		{EA87B4C7-64AF-467F-B6EA-EC99AE082C98}.Release|ARM.ActiveCfg = Release|Any CPU
		{EA87B4C7-64AF-467F-B6EA-EC99AE082C98}.Release|ARM.Build.0 = Release|Any CPU
		{EA87B4C7-64AF-467F-B6EA-EC99AE082C98}.Release|ARM64.ActiveCfg = Release|Any CPU
		{EA87B4C7-64AF-467F-B6EA-EC99AE082C98}.Release|ARM64.Build.0 = Release|Any CPU
		{EA87B4C7-64AF-467F-B6EA-EC99AE082C98}.Release|x64.ActiveCfg = Release|Any CPU
		{EA87B4C7-64AF-467F-B6EA-EC99AE082C98}.Release|x64.Build.0 = Release|Any CPU
		{EA87B4C7-64AF-467F-B6EA-EC99AE082C98}.Release|x86.ActiveCfg = Release|Any CPU
		{EA87B4C7-64AF-467F-B6EA-EC99AE082C98}.Release|x86.Build.0 = Release|Any CPU
		{DCD54CB7-9952-46E4-A225-DD7D5488378D}.Debug|Any CPU.ActiveCfg = Debug|x86
		{DCD54CB7-9952-46E4-A225-DD7D5488378D}.Debug|ARM.ActiveCfg = Debug|ARM
		{DCD54CB7-9952-46E4-A225-DD7D5488378D}.Debug|ARM.Build.0 = Debug|ARM
		{DCD54CB7-9952-46E4-A225-DD7D5488378D}.Debug|ARM.Deploy.0 = Debug|ARM
		{DCD54CB7-9952-46E4-A225-DD7D5488378D}.Debug|ARM64.ActiveCfg = Debug|ARM64
		{DCD54CB7-9952-46E4-A225-DD7D5488378D}.Debug|ARM64.Build.0 = Debug|ARM64
		{DCD54CB7-9952-46E4-A225-DD7D5488378D}.Debug|ARM64.Deploy.0 = Debug|ARM64
		{DCD54CB7-9952-46E4-A225-DD7D5488378D}.Debug|x64.ActiveCfg = Debug|x64
		{DCD54CB7-9952-46E4-A225-DD7D5488378D}.Debug|x64.Build.0 = Debug|x64
		{DCD54CB7-9952-46E4-A225-DD7D5488378D}.Debug|x64.Deploy.0 = Debug|x64
		{DCD54CB7-9952-46E4-A225-DD7D5488378D}.Debug|x86.ActiveCfg = Debug|x86
		{DCD54CB7-9952-46E4-A225-DD7D5488378D}.Debug|x86.Build.0 = Debug|x86
		{DCD54CB7-9952-46E4-A225-DD7D5488378D}.Debug|x86.Deploy.0 = Debug|x86
		{DCD54CB7-9952-46E4-A225-DD7D5488378D}.Release|Any CPU.ActiveCfg = Release|x86
		{DCD54CB7-9952-46E4-A225-DD7D5488378D}.Release|ARM.ActiveCfg = Release|ARM
		{DCD54CB7-9952-46E4-A225-DD7D5488378D}.Release|ARM.Build.0 = Release|ARM
		{DCD54CB7-9952-46E4-A225-DD7D5488378D}.Release|ARM.Deploy.0 = Release|ARM
		{DCD54CB7-9952-46E4-A225-DD7D5488378D}.Release|ARM64.ActiveCfg = Release|ARM64
		{DCD54CB7-9952-46E4-A225-DD7D5488378D}.Release|ARM64.Build.0 = Release|ARM64
		{DCD54CB7-9952-46E4-A225-DD7D5488378D}.Release|ARM64.Deploy.0 = Release|ARM64
		{DCD54CB7-9952-46E4-A225-DD7D5488378D}.Release|x64.ActiveCfg = Release|x64
		{DCD54CB7-9952-46E4-A225-DD7D5488378D}.Release|x64.Build.0 = Release|x64
		{DCD54CB7-9952-46E4-A225-DD7D5488378D}.Release|x64.Deploy.0 = Release|x64
		{DCD54CB7-9952-46E4-A225-DD7D5488378D}.Release|x86.ActiveCfg = Release|x86
		{DCD54CB7-9952-46E4-A225-DD7D5488378D}.Release|x86.Build.0 = Release|x86
		{DCD54CB7-9952-46E4-A225-DD7D5488378D}.Release|x86.Deploy.0 = Release|x86
		{75B8FFF8-C6F0-47D5-8691-4A5466DD6597}.Debug|Any CPU.ActiveCfg = Debug|x86
		{75B8FFF8-C6F0-47D5-8691-4A5466DD6597}.Debug|ARM.ActiveCfg = Debug|ARM
		{75B8FFF8-C6F0-47D5-8691-4A5466DD6597}.Debug|ARM.Build.0 = Debug|ARM
		{75B8FFF8-C6F0-47D5-8691-4A5466DD6597}.Debug|ARM.Deploy.0 = Debug|ARM
		{75B8FFF8-C6F0-47D5-8691-4A5466DD6597}.Debug|ARM64.ActiveCfg = Debug|x86
		{75B8FFF8-C6F0-47D5-8691-4A5466DD6597}.Debug|x64.ActiveCfg = Debug|x64
		{75B8FFF8-C6F0-47D5-8691-4A5466DD6597}.Debug|x64.Build.0 = Debug|x64
		{75B8FFF8-C6F0-47D5-8691-4A5466DD6597}.Debug|x64.Deploy.0 = Debug|x64
		{75B8FFF8-C6F0-47D5-8691-4A5466DD6597}.Debug|x86.ActiveCfg = Debug|x86
		{75B8FFF8-C6F0-47D5-8691-4A5466DD6597}.Debug|x86.Build.0 = Debug|x86
		{75B8FFF8-C6F0-47D5-8691-4A5466DD6597}.Debug|x86.Deploy.0 = Debug|x86
		{75B8FFF8-C6F0-47D5-8691-4A5466DD6597}.Release|Any CPU.ActiveCfg = Release|x86
		{75B8FFF8-C6F0-47D5-8691-4A5466DD6597}.Release|ARM.ActiveCfg = Release|ARM
		{75B8FFF8-C6F0-47D5-8691-4A5466DD6597}.Release|ARM.Build.0 = Release|ARM
		{75B8FFF8-C6F0-47D5-8691-4A5466DD6597}.Release|ARM.Deploy.0 = Release|ARM
		{75B8FFF8-C6F0-47D5-8691-4A5466DD6597}.Release|ARM64.ActiveCfg = Release|x86
		{75B8FFF8-C6F0-47D5-8691-4A5466DD6597}.Release|x64.ActiveCfg = Release|x64
		{75B8FFF8-C6F0-47D5-8691-4A5466DD6597}.Release|x64.Build.0 = Release|x64
		{75B8FFF8-C6F0-47D5-8691-4A5466DD6597}.Release|x64.Deploy.0 = Release|x64
		{75B8FFF8-C6F0-47D5-8691-4A5466DD6597}.Release|x86.ActiveCfg = Release|x86
		{75B8FFF8-C6F0-47D5-8691-4A5466DD6597}.Release|x86.Build.0 = Release|x86
		{75B8FFF8-C6F0-47D5-8691-4A5466DD6597}.Release|x86.Deploy.0 = Release|x86
	EndGlobalSection
	GlobalSection(SolutionProperties) = preSolution
		HideSolutionNode = FALSE
	EndGlobalSection
	GlobalSection(ExtensibilityGlobals) = postSolution
		SolutionGuid = {D6468787-33CB-4041-A000-7D7BAB3E8700}
	EndGlobalSection
EndGlobal
